
Microsoft Visual Studio Solution File, Format Version 12.00
# Visual Studio Version 17
VisualStudioVersion = 17.8.34330.188
MinimumVisualStudioVersion = 10.0.40219.1
Project("{FAE04EC0-301F-11D3-BF4B-00C04F79EFBC}") = "MASHKAPG", "MASHKAPG\MASHKAPG.csproj", "{71D391A6-E7A6-4E01-8263-25E1BFF5402C}"
EndProject
Global
	GlobalSection(SolutionConfigurationPlatforms) = preSolution
		Debug|Any CPU = Debug|Any CPU
		Release|Any CPU = Release|Any CPU
	EndGlobalSection
	GlobalSection(ProjectConfigurationPlatforms) = postSolution
		{71D391A6-E7A6-4E01-8263-25E1BFF5402C}.Debug|Any CPU.ActiveCfg = Debug|Any CPU
		{71D391A6-E7A6-4E01-8263-25E1BFF5402C}.Debug|Any CPU.Build.0 = Debug|Any CPU
		{71D391A6-E7A6-4E01-8263-25E1BFF5402C}.Release|Any CPU.ActiveCfg = Release|Any CPU
		{71D391A6-E7A6-4E01-8263-25E1BFF5402C}.Release|Any CPU.Build.0 = Release|Any CPU
	EndGlobalSection
	GlobalSection(SolutionProperties) = preSolution
		HideSolutionNode = FALSE
	EndGlobalSection
	GlobalSection(ExtensibilityGlobals) = postSolution
		SolutionGuid = {B924EAC1-6B87-4671-BAD1-4433936345E2}
	EndGlobalSection
EndGlobal
